Microsoft Visual Studio Solution File, Format Version 12.00
# Visual Studio Version 17
VisualStudioVersion = 17.5.2.0
MinimumVisualStudioVersion = 10.0.40219.1
Project("{FAE04EC0-301F-11D3-BF4B-00C04F79EFBC}") = "NexusMQ", "NexusMQ.csproj", "{846E0C13-8E5B-6EB0-04AA-219A5886F02B}"
EndProject
Global
	GlobalSection(SolutionConfigurationPlatforms) = preSolution
		Debug|Any CPU = Debug|Any CPU
		Release|Any CPU = Release|Any CPU
	EndGlobalSection
	GlobalSection(ProjectConfigurationPlatforms) = postSolution
		{846E0C13-8E5B-6EB0-04AA-219A5886F02B}.Debug|Any CPU.ActiveCfg = Debug|Any CPU
		{846E0C13-8E5B-6EB0-04AA-219A5886F02B}.Debug|Any CPU.Build.0 = Debug|Any CPU
		{846E0C13-8E5B-6EB0-04AA-219A5886F02B}.Release|Any CPU.ActiveCfg = Release|Any CPU
		{846E0C13-8E5B-6EB0-04AA-219A5886F02B}.Release|Any CPU.Build.0 = Release|Any CPU
	EndGlobalSection
	GlobalSection(SolutionProperties) = preSolution
		HideSolutionNode = FALSE
	EndGlobalSection
	GlobalSection(ExtensibilityGlobals) = postSolution
		SolutionGuid = {72F1FBC7-6792-4B17-B185-FE9C3D18036E}
	EndGlobalSection
EndGlobal
